
Microsoft Visual Studio Solution File, Format Version 12.00
Project("{FAE04EC0-301F-11D3-BF4B-00C04F79EFBC}") = "Parallel1Lab", "Parallel1Lab\Parallel1Lab.csproj", "{81F71CBE-3B04-4106-ACB3-33F16BE06988}"
EndProject
Global
	GlobalSection(SolutionConfigurationPlatforms) = preSolution
		Debug|Any CPU = Debug|Any CPU
		Release|Any CPU = Release|Any CPU
	EndGlobalSection
	GlobalSection(ProjectConfigurationPlatforms) = postSolution
		{81F71CBE-3B04-4106-ACB3-33F16BE06988}.Debug|Any CPU.ActiveCfg = Debug|Any CPU
		{81F71CBE-3B04-4106-ACB3-33F16BE06988}.Debug|Any CPU.Build.0 = Debug|Any CPU
		{81F71CBE-3B04-4106-ACB3-33F16BE06988}.Release|Any CPU.ActiveCfg = Release|Any CPU
		{81F71CBE-3B04-4106-ACB3-33F16BE06988}.Release|Any CPU.Build.0 = Release|Any CPU
	EndGlobalSection
EndGlobal
